
Microsoft Visual Studio Solution File, Format Version 12.00
# Visual Studio 15
VisualStudioVersion = 15.0.28307.106
MinimumVisualStudioVersion = 10.0.40219.1
Project("{9A19103F-16F7-4668-BE54-9A1E7A4F7556}") = "ELibrary.Core", "ELibrary.Core\ELibrary.Core.csproj", "{1CE5F212-BDC0-40D5-9BD2-43964807E1AB}"
EndProject
Project("{9A19103F-16F7-4668-BE54-9A1E7A4F7556}") = "ELibrary.Entities", "ELibrary.Entities\ELibrary.Entities.csproj", "{D4DD1F07-47A1-441C-8F35-ECD51134C792}"
EndProject
Project("{9A19103F-16F7-4668-BE54-9A1E7A4F7556}") = "ELibrary.DAL", "ELibrary.DAL\ELibrary.DAL.csproj", "{590DC8A8-67C8-4101-AD3B-E9D41F845138}"
EndProject
Project("{9A19103F-16F7-4668-BE54-9A1E7A4F7556}") = "ELibrary.API", "ELibrary.API\ELibrary.API.csproj", "{31483862-E85B-4B43-B5A1-A536057B7FBE}"
EndProject
Project("{FAE04EC0-301F-11D3-BF4B-00C04F79EFBC}") = "ELibrary.Portal", "ELibrary.Portal\ELibrary.Portal.csproj", "{3B75C336-320F-4878-B5FE-4D84F20F41BD}"
EndProject
Global
	GlobalSection(SolutionConfigurationPlatforms) = preSolution
		Debug|Any CPU = Debug|Any CPU
		Release|Any CPU = Release|Any CPU
	EndGlobalSection
	GlobalSection(ProjectConfigurationPlatforms) = postSolution
		{1CE5F212-BDC0-40D5-9BD2-43964807E1AB}.Debug|Any CPU.ActiveCfg = Debug|Any CPU
		{1CE5F212-BDC0-40D5-9BD2-43964807E1AB}.Debug|Any CPU.Build.0 = Debug|Any CPU
		{1CE5F212-BDC0-40D5-9BD2-43964807E1AB}.Release|Any CPU.ActiveCfg = Release|Any CPU
		{1CE5F212-BDC0-40D5-9BD2-43964807E1AB}.Release|Any CPU.Build.0 = Release|Any CPU
		{D4DD1F07-47A1-441C-8F35-ECD51134C792}.Debug|Any CPU.ActiveCfg = Debug|Any CPU
		{D4DD1F07-47A1-441C-8F35-ECD51134C792}.Debug|Any CPU.Build.0 = Debug|Any CPU
		{D4DD1F07-47A1-441C-8F35-ECD51134C792}.Release|Any CPU.ActiveCfg = Release|Any CPU
		{D4DD1F07-47A1-441C-8F35-ECD51134C792}.Release|Any CPU.Build.0 = Release|Any CPU
		{590DC8A8-67C8-4101-AD3B-E9D41F845138}.Debug|Any CPU.ActiveCfg = Debug|Any CPU
		{590DC8A8-67C8-4101-AD3B-E9D41F845138}.Debug|Any CPU.Build.0 = Debug|Any CPU
		{590DC8A8-67C8-4101-AD3B-E9D41F845138}.Release|Any CPU.ActiveCfg = Release|Any CPU
		{590DC8A8-67C8-4101-AD3B-E9D41F845138}.Release|Any CPU.Build.0 = Release|Any CPU
		{31483862-E85B-4B43-B5A1-A536057B7FBE}.Debug|Any CPU.ActiveCfg = Debug|Any CPU
		{31483862-E85B-4B43-B5A1-A536057B7FBE}.Debug|Any CPU.Build.0 = Debug|Any CPU
		{31483862-E85B-4B43-B5A1-A536057B7FBE}.Release|Any CPU.ActiveCfg = Release|Any CPU
		{31483862-E85B-4B43-B5A1-A536057B7FBE}.Release|Any CPU.Build.0 = Release|Any CPU
		{3B75C336-320F-4878-B5FE-4D84F20F41BD}.Debug|Any CPU.ActiveCfg = Debug|Any CPU
		{3B75C336-320F-4878-B5FE-4D84F20F41BD}.Debug|Any CPU.Build.0 = Debug|Any CPU
		{3B75C336-320F-4878-B5FE-4D84F20F41BD}.Release|Any CPU.ActiveCfg = Release|Any CPU
		{3B75C336-320F-4878-B5FE-4D84F20F41BD}.Release|Any CPU.Build.0 = Release|Any CPU
	EndGlobalSection
	GlobalSection(SolutionProperties) = preSolution
		HideSolutionNode = FALSE
	EndGlobalSection
	GlobalSection(ExtensibilityGlobals) = postSolution
		SolutionGuid = {863E822C-3BB1-41F9-944B-C10727ECD56D}
	EndGlobalSection
EndGlobal
